{
  "version": 4,
  "terraform_version": "1.8.2",
  "serial": 46,
  "lineage": "e04628cf-3779-bd79-c895-9119ffbb4a13",
  "outputs": {},
  "resources": [
    {
      "module": "module.google_cloud_dataproc_instance",
      "mode": "managed",
      "type": "google_storage_bucket_object",
      "name": "pyspark_repo_archive",
      "provider": "provider[\"registry.terraform.io/hashicorp/google\"]",
      "instances": [
        {
          "schema_version": 0,
          "attributes": {
            "bucket": "de-gcp-zoomcamp-project_dataproc-source",
            "cache_control": "",
            "content": null,
            "content_disposition": "",
            "content_encoding": "",
            "content_language": "",
            "content_type": "text/plain; charset=utf-8",
            "crc32c": "1XPiQA==",
            "customer_encryption": [],
            "detect_md5hash": "OXlfYQzR5Qxn7Ml14Hnoeg==",
            "event_based_hold": false,
            "id": "de-gcp-zoomcamp-project_dataproc-source-process_gh_archive_dataproc.py",
            "kms_key_name": "",
            "md5hash": "OXlfYQzR5Qxn7Ml14Hnoeg==",
            "media_link": "https://storage.googleapis.com/download/storage/v1/b/de-gcp-zoomcamp-project_dataproc-source/o/process_gh_archive_dataproc.py?generation=1714725567638077\u0026alt=media",
            "metadata": {},
            "name": "process_gh_archive_dataproc.py",
            "output_name": "process_gh_archive_dataproc.py",
            "self_link": "https://www.googleapis.com/storage/v1/b/de-gcp-zoomcamp-project_dataproc-source/o/process_gh_archive_dataproc.py",
            "source": "../dataproc/process_gh_archive_dataproc.py",
            "storage_class": "STANDARD",
            "temporary_hold": false,
            "timeouts": null
          },
          "sensitive_attributes": [
            [
              {
                "type": "get_attr",
                "value": "content"
              }
            ]
          ],
          "private": "eyJlMmJmYjczMC1lY2FhLTExZTYtOGY4OC0zNDM2M2JjN2M0YzAiOnsiY3JlYXRlIjoyNDAwMDAwMDAwMDAsImRlbGV0ZSI6MjQwMDAwMDAwMDAwLCJ1cGRhdGUiOjI0MDAwMDAwMDAwMH19",
          "dependencies": [
            "module.google_cloud_storage_bucket.google_storage_bucket.pyspark_repo_bucket"
          ]
        }
      ]
    },
    {
      "module": "module.google_cloud_storage_bucket",
      "mode": "managed",
      "type": "google_storage_bucket",
      "name": "cloud_function_bucket",
      "provider": "provider[\"registry.terraform.io/hashicorp/google\"]",
      "instances": [
        {
          "schema_version": 0,
          "attributes": {
            "autoclass": [],
            "cors": [],
            "custom_placement_config": [],
            "default_event_based_hold": false,
            "encryption": [],
            "force_destroy": false,
            "id": "de-gcp-zoomcamp-project_asia-southeast1_gcf-source",
            "labels": {},
            "lifecycle_rule": [],
            "location": "ASIA-SOUTHEAST1",
            "logging": [],
            "name": "de-gcp-zoomcamp-project_asia-southeast1_gcf-source",
            "project": "de-gcp-zoomcamp-project",
            "public_access_prevention": "enforced",
            "requester_pays": false,
            "retention_policy": [],
            "self_link": "https://www.googleapis.com/storage/v1/b/de-gcp-zoomcamp-project_asia-southeast1_gcf-source",
            "storage_class": "STANDARD",
            "timeouts": null,
            "uniform_bucket_level_access": false,
            "url": "gs://de-gcp-zoomcamp-project_asia-southeast1_gcf-source",
            "versioning": [],
            "website": []
          },
          "sensitive_attributes": [],
          "private": "eyJlMmJmYjczMC1lY2FhLTExZTYtOGY4OC0zNDM2M2JjN2M0YzAiOnsiY3JlYXRlIjoyNDAwMDAwMDAwMDAsInJlYWQiOjI0MDAwMDAwMDAwMCwidXBkYXRlIjoyNDAwMDAwMDAwMDB9fQ=="
        }
      ]
    },
    {
      "module": "module.google_cloud_storage_bucket",
      "mode": "managed",
      "type": "google_storage_bucket",
      "name": "data_warehouse_bucket",
      "provider": "provider[\"registry.terraform.io/hashicorp/google\"]",
      "instances": [
        {
          "schema_version": 0,
          "attributes": {
            "autoclass": [],
            "cors": [],
            "custom_placement_config": [],
            "default_event_based_hold": false,
            "encryption": [],
            "force_destroy": false,
            "id": "de-gcp-zoomcamp-project_data-warehouse",
            "labels": {},
            "lifecycle_rule": [],
            "location": "ASIA-SOUTHEAST1",
            "logging": [],
            "name": "de-gcp-zoomcamp-project_data-warehouse",
            "project": "de-gcp-zoomcamp-project",
            "public_access_prevention": "enforced",
            "requester_pays": false,
            "retention_policy": [],
            "self_link": "https://www.googleapis.com/storage/v1/b/de-gcp-zoomcamp-project_data-warehouse",
            "storage_class": "STANDARD",
            "timeouts": null,
            "uniform_bucket_level_access": false,
            "url": "gs://de-gcp-zoomcamp-project_data-warehouse",
            "versioning": [],
            "website": []
          },
          "sensitive_attributes": [],
          "private": "eyJlMmJmYjczMC1lY2FhLTExZTYtOGY4OC0zNDM2M2JjN2M0YzAiOnsiY3JlYXRlIjoyNDAwMDAwMDAwMDAsInJlYWQiOjI0MDAwMDAwMDAwMCwidXBkYXRlIjoyNDAwMDAwMDAwMDB9fQ=="
        }
      ]
    },
    {
      "module": "module.google_cloud_storage_bucket",
      "mode": "managed",
      "type": "google_storage_bucket",
      "name": "pyspark_repo_bucket",
      "provider": "provider[\"registry.terraform.io/hashicorp/google\"]",
      "instances": [
        {
          "schema_version": 0,
          "attributes": {
            "autoclass": [],
            "cors": [],
            "custom_placement_config": [],
            "default_event_based_hold": false,
            "encryption": [],
            "force_destroy": false,
            "id": "de-gcp-zoomcamp-project_dataproc-source",
            "labels": {},
            "lifecycle_rule": [],
            "location": "ASIA-SOUTHEAST1",
            "logging": [],
            "name": "de-gcp-zoomcamp-project_dataproc-source",
            "project": "de-gcp-zoomcamp-project",
            "public_access_prevention": "enforced",
            "requester_pays": false,
            "retention_policy": [],
            "self_link": "https://www.googleapis.com/storage/v1/b/de-gcp-zoomcamp-project_dataproc-source",
            "storage_class": "STANDARD",
            "timeouts": null,
            "uniform_bucket_level_access": false,
            "url": "gs://de-gcp-zoomcamp-project_dataproc-source",
            "versioning": [],
            "website": []
          },
          "sensitive_attributes": [],
          "private": "eyJlMmJmYjczMC1lY2FhLTExZTYtOGY4OC0zNDM2M2JjN2M0YzAiOnsiY3JlYXRlIjoyNDAwMDAwMDAwMDAsInJlYWQiOjI0MDAwMDAwMDAwMCwidXBkYXRlIjoyNDAwMDAwMDAwMDB9fQ=="
        }
      ]
    }
  ],
  "check_results": null
}
